{
  "originHash" : "3dd0bce996704437887d3206c5b01972a5385825eefa9bddc6ba8b0e196dd104",
  "pins" : [
    {
      "identity" : "cucumberswift",
      "kind" : "remoteSourceControl",
      "location" : "https://github.com/cucumberswift/CucumberSwift.git",
      "state" : {
        "revision" : "d2aa98e15f0e6dc7ff34a7426db52f9e17610a16",
        "version" : "6.3.0"
      }
    },
    {
      "identity" : "cucumberswiftexpressions",
      "kind" : "remoteSourceControl",
      "location" : "https://github.com/cucumberswift/CucumberSwiftExpressions.git",
      "state" : {
        "revision" : "b28667e9009cd6c40a7de321ca973237fc9d05fc",
        "version" : "1.4.1"
      }
    },
    {
      "identity" : "displaylink",
      "kind" : "remoteSourceControl",
      "location" : "https://github.com/Lakr233/DisplayLink.git",
      "state" : {
        "revision" : "41bea2661e04bebcb1c4f15fc0b6197850100fdd",
        "version" : "3.0.1"
      }
    },
    {
      "identity" : "libghostty-spm",
      "kind" : "remoteSourceControl",
      "location" : "https://github.com/Lakr233/libghostty-spm.git",
      "state" : {
        "revision" : "d139d99a5b10ab45a0a0704d4c1fb1d595710837",
        "version" : "2.2.2026100901"
      }
    },
    {
      "identity" : "sparkle",
      "kind" : "remoteSourceControl",
      "location" : "https://github.com/sparkle-project/Sparkle.git",
      "state" : {
        "revision" : "eef1a539a373c1f1a320624b1130fc5de7b2e100",
        "version" : "2.10.0"
      }
    },
    {
      "identity" : "swift-argument-parser",
      "kind" : "remoteSourceControl",
      "location" : "https://github.com/apple/swift-argument-parser",
      "state" : {
        "revision" : "6a52f3251125d74daf04fcbd5e6f08a75d074382",
        "version" : "1.8.2"
      }
    },
    {
      "identity" : "swiftterm",
      "kind" : "remoteSourceControl",
      "location" : "https://github.com/yangzichao/SwiftTerm.git",
      "state" : {
        "revision" : "f5491a11368d5ea96b7ad36a04ad9b05cb6e7f38",
        "version" : "1.15.0-justsessions.1"
      }
    }
  ],
  "version" : 3
}
